
Microsoft Visual Studio Solution File, Format Version 10.00
# Visual Studio 2008
Project("{FAE04EC0-301F-11D3-BF4B-00C04F79EFBC}") = "FetionService", "FetionService\FetionService.csproj", "{04F1FFDE-1FCC-4408-B9A6-D4BA2E4013F8}"
EndProject
Project("{FAE04EC0-301F-11D3-BF4B-00C04F79EFBC}") = "Utility", "Utility\Utility.csproj", "{2FED84EA-2686-4F68-B8D7-645D9D69E37A}"
EndProject
Project("{FAE04EC0-301F-11D3-BF4B-00C04F79EFBC}") = "UnitTest", "UnitTest\UnitTest.csproj", "{49A7C83E-DF65-48CD-9D7D-A1EE9A997233}"
EndProject
Project("{2150E333-8FDC-42A3-9474-1A3956D46DE8}") = "Solution Items", "Solution Items", "{9CA5AC6E-0E1D-48DB-8430-5D14F809674D}"
	ProjectSection(SolutionItems) = preProject
		LocalTestRun.testrunconfig = LocalTestRun.testrunconfig
		MobileService.vsmdi = MobileService.vsmdi
	EndProjectSection
EndProject
Project("{FAE04EC0-301F-11D3-BF4B-00C04F79EFBC}") = "MobileMainService", "MobileMainService\MobileMainService.csproj", "{25357E49-D3A7-4CBC-922C-90356C8B0A7C}"
EndProject
Global
	GlobalSection(SubversionScc) = preSolution
		Svn-Managed = True
		Manager = AnkhSVN - Subversion Support for Visual Studio
	EndGlobalSection
	GlobalSection(TestCaseManagementSettings) = postSolution
		CategoryFile = MobileService.vsmdi
	EndGlobalSection
	GlobalSection(SolutionConfigurationPlatforms) = preSolution
		Debug|Any CPU = Debug|Any CPU
		Release|Any CPU = Release|Any CPU
	EndGlobalSection
	GlobalSection(ProjectConfigurationPlatforms) = postSolution
		{04F1FFDE-1FCC-4408-B9A6-D4BA2E4013F8}.Debug|Any CPU.ActiveCfg = Debug|Any CPU
		{04F1FFDE-1FCC-4408-B9A6-D4BA2E4013F8}.Debug|Any CPU.Build.0 = Debug|Any CPU
		{04F1FFDE-1FCC-4408-B9A6-D4BA2E4013F8}.Release|Any CPU.ActiveCfg = Release|Any CPU
		{04F1FFDE-1FCC-4408-B9A6-D4BA2E4013F8}.Release|Any CPU.Build.0 = Release|Any CPU
		{2FED84EA-2686-4F68-B8D7-645D9D69E37A}.Debug|Any CPU.ActiveCfg = Debug|Any CPU
		{2FED84EA-2686-4F68-B8D7-645D9D69E37A}.Debug|Any CPU.Build.0 = Debug|Any CPU
		{2FED84EA-2686-4F68-B8D7-645D9D69E37A}.Release|Any CPU.ActiveCfg = Release|Any CPU
		{2FED84EA-2686-4F68-B8D7-645D9D69E37A}.Release|Any CPU.Build.0 = Release|Any CPU
		{49A7C83E-DF65-48CD-9D7D-A1EE9A997233}.Debug|Any CPU.ActiveCfg = Debug|Any CPU
		{49A7C83E-DF65-48CD-9D7D-A1EE9A997233}.Debug|Any CPU.Build.0 = Debug|Any CPU
		{49A7C83E-DF65-48CD-9D7D-A1EE9A997233}.Release|Any CPU.ActiveCfg = Release|Any CPU
		{49A7C83E-DF65-48CD-9D7D-A1EE9A997233}.Release|Any CPU.Build.0 = Release|Any CPU
		{25357E49-D3A7-4CBC-922C-90356C8B0A7C}.Debug|Any CPU.ActiveCfg = Debug|Any CPU
		{25357E49-D3A7-4CBC-922C-90356C8B0A7C}.Debug|Any CPU.Build.0 = Debug|Any CPU
		{25357E49-D3A7-4CBC-922C-90356C8B0A7C}.Release|Any CPU.ActiveCfg = Release|Any CPU
		{25357E49-D3A7-4CBC-922C-90356C8B0A7C}.Release|Any CPU.Build.0 = Release|Any CPU
	EndGlobalSection
	GlobalSection(SolutionProperties) = preSolution
		HideSolutionNode = FALSE
	EndGlobalSection
EndGlobal
